
Microsoft Visual Studio Solution File, Format Version 12.00
Project("{FAE04EC0-301F-11D3-BF4B-00C04F79EFBC}") = "AvaloniaNumPad", "AvaloniaNumPad.csproj", "{FBFE12C6-E225-43A5-BCFB-FCC47DF1FFB1}"
EndProject
Global
	GlobalSection(SolutionConfigurationPlatforms) = preSolution
		Debug|Any CPU = Debug|Any CPU
		Release|Any CPU = Release|Any CPU
	EndGlobalSection
	GlobalSection(ProjectConfigurationPlatforms) = postSolution
		{FBFE12C6-E225-43A5-BCFB-FCC47DF1FFB1}.Debug|Any CPU.ActiveCfg = Debug|Any CPU
		{FBFE12C6-E225-43A5-BCFB-FCC47DF1FFB1}.Debug|Any CPU.Build.0 = Debug|Any CPU
		{FBFE12C6-E225-43A5-BCFB-FCC47DF1FFB1}.Release|Any CPU.ActiveCfg = Release|Any CPU
		{FBFE12C6-E225-43A5-BCFB-FCC47DF1FFB1}.Release|Any CPU.Build.0 = Release|Any CPU
	EndGlobalSection
EndGlobal
